
Microsoft Visual Studio Solution File, Format Version 12.00
# Visual Studio Version 17
VisualStudioVersion = 17.0.31903.59
MinimumVisualStudioVersion = 10.0.40219.1
Project("{2150E333-8FDC-42A3-9474-1A3956D46DE8}") = "AdapterPattern", "AdapterPattern", "{CB3D2383-DD41-4DB2-B9A8-A737CFDB9F85}"
EndProject
Project("{9A19103F-16F7-4668-BE54-9A1E7A4F7556}") = "AdapterPattern", "src\AdapterPattern\AdapterPattern.csproj", "{D17941D8-37A4-4CA4-BADE-D93435377B82}"
EndProject
Project("{2150E333-8FDC-42A3-9474-1A3956D46DE8}") = "BridgePattern", "BridgePattern", "{FCCBF87A-92D4-48C1-8A01-CC343ABB26F3}"
EndProject
Project("{9A19103F-16F7-4668-BE54-9A1E7A4F7556}") = "Bridge", "src\Bridge\Bridge.csproj", "{07A9ACAF-8091-4765-BFE2-FDF6E4615CF9}"
EndProject
Project("{9A19103F-16F7-4668-BE54-9A1E7A4F7556}") = "BridgeSampleEmailServices", "src\BridgeSampleEmailServices\BridgeSampleEmailServices.csproj", "{B71459AD-3890-4F54-B3D7-94D5935F1831}"
EndProject
Project("{2150E333-8FDC-42A3-9474-1A3956D46DE8}") = "CompositePatern", "CompositePatern", "{07132E3D-E0B1-4164-8B3A-0C184E5EBFC5}"
EndProject
Project("{2150E333-8FDC-42A3-9474-1A3956D46DE8}") = "DecoratotPattern", "DecoratotPattern", "{FE4C0DA3-91F5-46E5-85BC-6718CF1104B6}"
EndProject
Project("{9A19103F-16F7-4668-BE54-9A1E7A4F7556}") = "CompositePatern", "src\CompositePatern\CompositePatern.csproj", "{CF1F841A-D7EA-4E52-911A-A6D9D492FF23}"
EndProject
Project("{9A19103F-16F7-4668-BE54-9A1E7A4F7556}") = "Decoratoruml", "src\Decoratoruml\Decoratoruml.csproj", "{EB220E94-B97D-4A4F-AD32-E294F652F3B0}"
EndProject
Project("{2150E333-8FDC-42A3-9474-1A3956D46DE8}") = "FacadePattern", "FacadePattern", "{D4DB0855-F0B8-4D4B-98E2-1A55261D148D}"
EndProject
Project("{9A19103F-16F7-4668-BE54-9A1E7A4F7556}") = "FacadePattern", "src\FacadePattern\FacadePattern.csproj", "{F138B329-8D2E-4E76-A64B-B6E2CD7E5EB9}"
EndProject
Project("{2150E333-8FDC-42A3-9474-1A3956D46DE8}") = "FactoryMethodPattern", "FactoryMethodPattern", "{546FF00F-D2CE-4F7F-980D-7EC5E5E3A51C}"
EndProject
Project("{2150E333-8FDC-42A3-9474-1A3956D46DE8}") = "FlyweightPattern", "FlyweightPattern", "{FD48359A-CBEB-4A95-A2D3-4851CC300159}"
EndProject
Project("{2150E333-8FDC-42A3-9474-1A3956D46DE8}") = "PrototypePattern", "PrototypePattern", "{E6B545F0-F0DC-46C6-BD07-129CC869B395}"
EndProject
Project("{2150E333-8FDC-42A3-9474-1A3956D46DE8}") = "ProxyPattern", "ProxyPattern", "{9557531E-D359-432F-9555-931F5CEB1687}"
EndProject
Project("{9A19103F-16F7-4668-BE54-9A1E7A4F7556}") = "FactoryMethod", "src\FactoryMethod\FactoryMethod.csproj", "{158A7711-95AB-4CF5-881D-30953897D27C}"
EndProject
Project("{9A19103F-16F7-4668-BE54-9A1E7A4F7556}") = "Flyweight", "src\Flyweight\Flyweight.csproj", "{804C83AF-6F4A-49FB-B4C4-0CDE157EA9B2}"
EndProject
Project("{9A19103F-16F7-4668-BE54-9A1E7A4F7556}") = "Flyweight_sample1", "src\Flyweight_sample1\Flyweight_sample1.csproj", "{9BE41E63-DCAE-4772-8C69-018E87222472}"
EndProject
Project("{9A19103F-16F7-4668-BE54-9A1E7A4F7556}") = "PrototypePattern", "src\PrototypePattern\PrototypePattern.csproj", "{63623F6A-0EE3-4653-9DDD-ED4BC6808C5C}"
EndProject
Project("{9A19103F-16F7-4668-BE54-9A1E7A4F7556}") = "ProxyPattern", "src\ProxyPattern\ProxyPattern.csproj", "{A798AB7D-C17A-46F7-A102-A5B722A008D9}"
EndProject
Project("{2150E333-8FDC-42A3-9474-1A3956D46DE8}") = "SingletonPattern", "SingletonPattern", "{0F12BEEC-85E4-45D0-9B4C-DDDFD50F80BF}"
EndProject
Project("{9A19103F-16F7-4668-BE54-9A1E7A4F7556}") = "SampleAdapterNotification", "src\SampleAdapterNotification\SampleAdapterNotification.csproj", "{69BD3618-4ED5-4CE2-B811-1AD6FF5CF5D2}"
EndProject
Project("{9A19103F-16F7-4668-BE54-9A1E7A4F7556}") = "SingletonPattern", "src\SingletonPattern\SingletonPattern.csproj", "{75941004-8E72-4D0B-835B-8BA417395D39}"
EndProject
Project("{9A19103F-16F7-4668-BE54-9A1E7A4F7556}") = "SmapleFactoryMethod", "SmapleFactoryMethod\SmapleFactoryMethod.csproj", "{6DF84D7A-85BC-477F-8F2A-A84527ED269C}"
EndProject
Project("{2150E333-8FDC-42A3-9474-1A3956D46DE8}") = "BuilderPattern", "BuilderPattern", "{CB20A554-5564-4FA9-8247-69BDAB0A956E}"
EndProject
Project("{FAE04EC0-301F-11D3-BF4B-00C04F79EFBC}") = "BuilderPattern", "BuilderPattern\BuilderPattern.csproj", "{5A962CDA-A614-4F74-9105-0CE2F6A70C9C}"
EndProject
Project("{9A19103F-16F7-4668-BE54-9A1E7A4F7556}") = "StrategyPattrn", "src\SterategyPattern\SterategyPattern\StrategyPattrn.csproj", "{C8ACCC09-4810-4189-81FF-D307A545C3B9}"
EndProject
Project("{9A19103F-16F7-4668-BE54-9A1E7A4F7556}") = "TemplateMethodPattern", "src\TemplateMethodPattern\TemplateMethodPattern\TemplateMethodPattern.csproj", "{B53B9482-226E-4450-A0C7-9C08F9801B65}"
EndProject
Project("{9A19103F-16F7-4668-BE54-9A1E7A4F7556}") = "TemplateMethodSample1", "src\TemplateMethodPattern\Smaple1\TemplateMethodSample1\TemplateMethodSample1.csproj", "{DBB3335C-AA36-49E2-A85C-5C5E6618B4AD}"
EndProject
Project("{9A19103F-16F7-4668-BE54-9A1E7A4F7556}") = "TemplateMethodSample2", "src\TemplateMethodPattern\Sample2\TemplateMethodSample2\TemplateMethodSample2.csproj", "{DFE10FC6-A887-4DBF-ABFB-CF81D8528279}"
EndProject
Project("{2150E333-8FDC-42A3-9474-1A3956D46DE8}") = "StrategyPattrn", "StrategyPattrn", "{BE01C3F1-D1D9-4CAA-89FB-6EF467207605}"
EndProject
Project("{2150E333-8FDC-42A3-9474-1A3956D46DE8}") = "TemplateMethodPattrn", "TemplateMethodPattrn", "{164A12A3-0540-4F24-A90A-AFA7551C2D1E}"
EndProject
Project("{2150E333-8FDC-42A3-9474-1A3956D46DE8}") = "ChainOfResponsibilityPattrn", "ChainOfResponsibilityPattrn", "{BA3B9EC1-A3FD-4F1C-88D3-6D3EADE901B5}"
EndProject
Project("{FAE04EC0-301F-11D3-BF4B-00C04F79EFBC}") = "ChainOfResponsibilityPattrn", "src\ChainOfResponsibilityPattrn\ChainOfResponsibilityPattrn\ChainOfResponsibilityPattrn.csproj", "{6F887CE2-1589-4CF0-8C21-A39D5F8A2E43}"
EndProject
Project("{FAE04EC0-301F-11D3-BF4B-00C04F79EFBC}") = "Sample1", "src\ChainOfResponsibilityPattrn\Sample1\Sample1.csproj", "{5D1E207E-C6EB-438A-955D-27201582A865}"
EndProject
Global
	GlobalSection(SolutionConfigurationPlatforms) = preSolution
		Debug|Any CPU = Debug|Any CPU
		Release|Any CPU = Release|Any CPU
	EndGlobalSection
	GlobalSection(ProjectConfigurationPlatforms) = postSolution
		{D17941D8-37A4-4CA4-BADE-D93435377B82}.Debug|Any CPU.ActiveCfg = Debug|Any CPU
		{D17941D8-37A4-4CA4-BADE-D93435377B82}.Debug|Any CPU.Build.0 = Debug|Any CPU
		{D17941D8-37A4-4CA4-BADE-D93435377B82}.Release|Any CPU.ActiveCfg = Release|Any CPU
		{D17941D8-37A4-4CA4-BADE-D93435377B82}.Release|Any CPU.Build.0 = Release|Any CPU
		{07A9ACAF-8091-4765-BFE2-FDF6E4615CF9}.Debug|Any CPU.ActiveCfg = Debug|Any CPU
		{07A9ACAF-8091-4765-BFE2-FDF6E4615CF9}.Debug|Any CPU.Build.0 = Debug|Any CPU
		{07A9ACAF-8091-4765-BFE2-FDF6E4615CF9}.Release|Any CPU.ActiveCfg = Release|Any CPU
		{07A9ACAF-8091-4765-BFE2-FDF6E4615CF9}.Release|Any CPU.Build.0 = Release|Any CPU
		{B71459AD-3890-4F54-B3D7-94D5935F1831}.Debug|Any CPU.ActiveCfg = Debug|Any CPU
		{B71459AD-3890-4F54-B3D7-94D5935F1831}.Debug|Any CPU.Build.0 = Debug|Any CPU
		{B71459AD-3890-4F54-B3D7-94D5935F1831}.Release|Any CPU.ActiveCfg = Release|Any CPU
		{B71459AD-3890-4F54-B3D7-94D5935F1831}.Release|Any CPU.Build.0 = Release|Any CPU
		{CF1F841A-D7EA-4E52-911A-A6D9D492FF23}.Debug|Any CPU.ActiveCfg = Debug|Any CPU
		{CF1F841A-D7EA-4E52-911A-A6D9D492FF23}.Debug|Any CPU.Build.0 = Debug|Any CPU
		{CF1F841A-D7EA-4E52-911A-A6D9D492FF23}.Release|Any CPU.ActiveCfg = Release|Any CPU
		{CF1F841A-D7EA-4E52-911A-A6D9D492FF23}.Release|Any CPU.Build.0 = Release|Any CPU
		{EB220E94-B97D-4A4F-AD32-E294F652F3B0}.Debug|Any CPU.ActiveCfg = Debug|Any CPU
		{EB220E94-B97D-4A4F-AD32-E294F652F3B0}.Debug|Any CPU.Build.0 = Debug|Any CPU
		{EB220E94-B97D-4A4F-AD32-E294F652F3B0}.Release|Any CPU.ActiveCfg = Release|Any CPU
		{EB220E94-B97D-4A4F-AD32-E294F652F3B0}.Release|Any CPU.Build.0 = Release|Any CPU
		{F138B329-8D2E-4E76-A64B-B6E2CD7E5EB9}.Debug|Any CPU.ActiveCfg = Debug|Any CPU
		{F138B329-8D2E-4E76-A64B-B6E2CD7E5EB9}.Debug|Any CPU.Build.0 = Debug|Any CPU
		{F138B329-8D2E-4E76-A64B-B6E2CD7E5EB9}.Release|Any CPU.ActiveCfg = Release|Any CPU
		{F138B329-8D2E-4E76-A64B-B6E2CD7E5EB9}.Release|Any CPU.Build.0 = Release|Any CPU
		{158A7711-95AB-4CF5-881D-30953897D27C}.Debug|Any CPU.ActiveCfg = Debug|Any CPU
		{158A7711-95AB-4CF5-881D-30953897D27C}.Debug|Any CPU.Build.0 = Debug|Any CPU
		{158A7711-95AB-4CF5-881D-30953897D27C}.Release|Any CPU.ActiveCfg = Release|Any CPU
		{158A7711-95AB-4CF5-881D-30953897D27C}.Release|Any CPU.Build.0 = Release|Any CPU
		{804C83AF-6F4A-49FB-B4C4-0CDE157EA9B2}.Debug|Any CPU.ActiveCfg = Debug|Any CPU
		{804C83AF-6F4A-49FB-B4C4-0CDE157EA9B2}.Debug|Any CPU.Build.0 = Debug|Any CPU
		{804C83AF-6F4A-49FB-B4C4-0CDE157EA9B2}.Release|Any CPU.ActiveCfg = Release|Any CPU
		{804C83AF-6F4A-49FB-B4C4-0CDE157EA9B2}.Release|Any CPU.Build.0 = Release|Any CPU
		{9BE41E63-DCAE-4772-8C69-018E87222472}.Debug|Any CPU.ActiveCfg = Debug|Any CPU
		{9BE41E63-DCAE-4772-8C69-018E87222472}.Debug|Any CPU.Build.0 = Debug|Any CPU
		{9BE41E63-DCAE-4772-8C69-018E87222472}.Release|Any CPU.ActiveCfg = Release|Any CPU
		{9BE41E63-DCAE-4772-8C69-018E87222472}.Release|Any CPU.Build.0 = Release|Any CPU
		{63623F6A-0EE3-4653-9DDD-ED4BC6808C5C}.Debug|Any CPU.ActiveCfg = Debug|Any CPU
		{63623F6A-0EE3-4653-9DDD-ED4BC6808C5C}.Debug|Any CPU.Build.0 = Debug|Any CPU
		{63623F6A-0EE3-4653-9DDD-ED4BC6808C5C}.Release|Any CPU.ActiveCfg = Release|Any CPU
		{63623F6A-0EE3-4653-9DDD-ED4BC6808C5C}.Release|Any CPU.Build.0 = Release|Any CPU
		{A798AB7D-C17A-46F7-A102-A5B722A008D9}.Debug|Any CPU.ActiveCfg = Debug|Any CPU
		{A798AB7D-C17A-46F7-A102-A5B722A008D9}.Debug|Any CPU.Build.0 = Debug|Any CPU
		{A798AB7D-C17A-46F7-A102-A5B722A008D9}.Release|Any CPU.ActiveCfg = Release|Any CPU
		{A798AB7D-C17A-46F7-A102-A5B722A008D9}.Release|Any CPU.Build.0 = Release|Any CPU
		{69BD3618-4ED5-4CE2-B811-1AD6FF5CF5D2}.Debug|Any CPU.ActiveCfg = Debug|Any CPU
		{69BD3618-4ED5-4CE2-B811-1AD6FF5CF5D2}.Debug|Any CPU.Build.0 = Debug|Any CPU
		{69BD3618-4ED5-4CE2-B811-1AD6FF5CF5D2}.Release|Any CPU.ActiveCfg = Release|Any CPU
		{69BD3618-4ED5-4CE2-B811-1AD6FF5CF5D2}.Release|Any CPU.Build.0 = Release|Any CPU
		{75941004-8E72-4D0B-835B-8BA417395D39}.Debug|Any CPU.ActiveCfg = Debug|Any CPU
		{75941004-8E72-4D0B-835B-8BA417395D39}.Debug|Any CPU.Build.0 = Debug|Any CPU
		{75941004-8E72-4D0B-835B-8BA417395D39}.Release|Any CPU.ActiveCfg = Release|Any CPU
		{75941004-8E72-4D0B-835B-8BA417395D39}.Release|Any CPU.Build.0 = Release|Any CPU
		{6DF84D7A-85BC-477F-8F2A-A84527ED269C}.Debug|Any CPU.ActiveCfg = Debug|Any CPU
		{6DF84D7A-85BC-477F-8F2A-A84527ED269C}.Debug|Any CPU.Build.0 = Debug|Any CPU
		{6DF84D7A-85BC-477F-8F2A-A84527ED269C}.Release|Any CPU.ActiveCfg = Release|Any CPU
		{6DF84D7A-85BC-477F-8F2A-A84527ED269C}.Release|Any CPU.Build.0 = Release|Any CPU
		{5A962CDA-A614-4F74-9105-0CE2F6A70C9C}.Debug|Any CPU.ActiveCfg = Debug|Any CPU
		{5A962CDA-A614-4F74-9105-0CE2F6A70C9C}.Debug|Any CPU.Build.0 = Debug|Any CPU
		{5A962CDA-A614-4F74-9105-0CE2F6A70C9C}.Release|Any CPU.ActiveCfg = Release|Any CPU
		{5A962CDA-A614-4F74-9105-0CE2F6A70C9C}.Release|Any CPU.Build.0 = Release|Any CPU
		{C8ACCC09-4810-4189-81FF-D307A545C3B9}.Debug|Any CPU.ActiveCfg = Debug|Any CPU
		{C8ACCC09-4810-4189-81FF-D307A545C3B9}.Debug|Any CPU.Build.0 = Debug|Any CPU
		{C8ACCC09-4810-4189-81FF-D307A545C3B9}.Release|Any CPU.ActiveCfg = Release|Any CPU
		{C8ACCC09-4810-4189-81FF-D307A545C3B9}.Release|Any CPU.Build.0 = Release|Any CPU
		{B53B9482-226E-4450-A0C7-9C08F9801B65}.Debug|Any CPU.ActiveCfg = Debug|Any CPU
		{B53B9482-226E-4450-A0C7-9C08F9801B65}.Debug|Any CPU.Build.0 = Debug|Any CPU
		{B53B9482-226E-4450-A0C7-9C08F9801B65}.Release|Any CPU.ActiveCfg = Release|Any CPU
		{B53B9482-226E-4450-A0C7-9C08F9801B65}.Release|Any CPU.Build.0 = Release|Any CPU
		{DBB3335C-AA36-49E2-A85C-5C5E6618B4AD}.Debug|Any CPU.ActiveCfg = Debug|Any CPU
		{DBB3335C-AA36-49E2-A85C-5C5E6618B4AD}.Debug|Any CPU.Build.0 = Debug|Any CPU
		{DBB3335C-AA36-49E2-A85C-5C5E6618B4AD}.Release|Any CPU.ActiveCfg = Release|Any CPU
		{DBB3335C-AA36-49E2-A85C-5C5E6618B4AD}.Release|Any CPU.Build.0 = Release|Any CPU
		{DFE10FC6-A887-4DBF-ABFB-CF81D8528279}.Debug|Any CPU.ActiveCfg = Debug|Any CPU
		{DFE10FC6-A887-4DBF-ABFB-CF81D8528279}.Debug|Any CPU.Build.0 = Debug|Any CPU
		{DFE10FC6-A887-4DBF-ABFB-CF81D8528279}.Release|Any CPU.ActiveCfg = Release|Any CPU
		{DFE10FC6-A887-4DBF-ABFB-CF81D8528279}.Release|Any CPU.Build.0 = Release|Any CPU
		{6F887CE2-1589-4CF0-8C21-A39D5F8A2E43}.Debug|Any CPU.ActiveCfg = Debug|Any CPU
		{6F887CE2-1589-4CF0-8C21-A39D5F8A2E43}.Debug|Any CPU.Build.0 = Debug|Any CPU
		{6F887CE2-1589-4CF0-8C21-A39D5F8A2E43}.Release|Any CPU.ActiveCfg = Release|Any CPU
		{6F887CE2-1589-4CF0-8C21-A39D5F8A2E43}.Release|Any CPU.Build.0 = Release|Any CPU
		{5D1E207E-C6EB-438A-955D-27201582A865}.Debug|Any CPU.ActiveCfg = Debug|Any CPU
		{5D1E207E-C6EB-438A-955D-27201582A865}.Debug|Any CPU.Build.0 = Debug|Any CPU
		{5D1E207E-C6EB-438A-955D-27201582A865}.Release|Any CPU.ActiveCfg = Release|Any CPU
		{5D1E207E-C6EB-438A-955D-27201582A865}.Release|Any CPU.Build.0 = Release|Any CPU
	EndGlobalSection
	GlobalSection(SolutionProperties) = preSolution
		HideSolutionNode = FALSE
	EndGlobalSection
	GlobalSection(NestedProjects) = preSolution
		{D17941D8-37A4-4CA4-BADE-D93435377B82} = {CB3D2383-DD41-4DB2-B9A8-A737CFDB9F85}
		{07A9ACAF-8091-4765-BFE2-FDF6E4615CF9} = {FCCBF87A-92D4-48C1-8A01-CC343ABB26F3}
		{B71459AD-3890-4F54-B3D7-94D5935F1831} = {FCCBF87A-92D4-48C1-8A01-CC343ABB26F3}
		{CF1F841A-D7EA-4E52-911A-A6D9D492FF23} = {07132E3D-E0B1-4164-8B3A-0C184E5EBFC5}
		{EB220E94-B97D-4A4F-AD32-E294F652F3B0} = {FE4C0DA3-91F5-46E5-85BC-6718CF1104B6}
		{F138B329-8D2E-4E76-A64B-B6E2CD7E5EB9} = {D4DB0855-F0B8-4D4B-98E2-1A55261D148D}
		{158A7711-95AB-4CF5-881D-30953897D27C} = {546FF00F-D2CE-4F7F-980D-7EC5E5E3A51C}
		{804C83AF-6F4A-49FB-B4C4-0CDE157EA9B2} = {FD48359A-CBEB-4A95-A2D3-4851CC300159}
		{9BE41E63-DCAE-4772-8C69-018E87222472} = {FD48359A-CBEB-4A95-A2D3-4851CC300159}
		{63623F6A-0EE3-4653-9DDD-ED4BC6808C5C} = {E6B545F0-F0DC-46C6-BD07-129CC869B395}
		{A798AB7D-C17A-46F7-A102-A5B722A008D9} = {9557531E-D359-432F-9555-931F5CEB1687}
		{69BD3618-4ED5-4CE2-B811-1AD6FF5CF5D2} = {CB3D2383-DD41-4DB2-B9A8-A737CFDB9F85}
		{75941004-8E72-4D0B-835B-8BA417395D39} = {0F12BEEC-85E4-45D0-9B4C-DDDFD50F80BF}
		{6DF84D7A-85BC-477F-8F2A-A84527ED269C} = {546FF00F-D2CE-4F7F-980D-7EC5E5E3A51C}
		{5A962CDA-A614-4F74-9105-0CE2F6A70C9C} = {CB20A554-5564-4FA9-8247-69BDAB0A956E}
		{C8ACCC09-4810-4189-81FF-D307A545C3B9} = {BE01C3F1-D1D9-4CAA-89FB-6EF467207605}
		{B53B9482-226E-4450-A0C7-9C08F9801B65} = {164A12A3-0540-4F24-A90A-AFA7551C2D1E}
		{DBB3335C-AA36-49E2-A85C-5C5E6618B4AD} = {164A12A3-0540-4F24-A90A-AFA7551C2D1E}
		{DFE10FC6-A887-4DBF-ABFB-CF81D8528279} = {164A12A3-0540-4F24-A90A-AFA7551C2D1E}
		{6F887CE2-1589-4CF0-8C21-A39D5F8A2E43} = {BA3B9EC1-A3FD-4F1C-88D3-6D3EADE901B5}
		{5D1E207E-C6EB-438A-955D-27201582A865} = {BA3B9EC1-A3FD-4F1C-88D3-6D3EADE901B5}
	EndGlobalSection
	GlobalSection(ExtensibilityGlobals) = postSolution
		SolutionGuid = {2DE957E9-C773-4406-B7CD-DED8855529EA}
	EndGlobalSection
EndGlobal
